# witchy.lock — generated by `pm lock`. Pins every dependency by content
# hash. Regenerate with `pm lock`; verify with `pm verify`. Do not edit by hand.

[[rune]]
name = "glamour"
version = "0.1.0"
source = "path:projects/glamour"
hash = "sha256:19f17c83bbe022fd488ca4fff638cfd2a00b6ea3d28e4cf3b0ed479992cf2f77"
runtime_footprint = []
