# witchy.lock — generated by `pm lock`. Pins every dependency by content
# hash. Regenerate with `pm lock`; verify with `pm verify`. Do not edit by hand.

[[rune]]
name = "glamour"
version = "0.1.0"
source = "path:projects/glamour"
hash = "sha256:b5e7e931272b4541994c5725a78a6e668df7da11cb5502e1459b76c840ced325"
runtime_footprint = []
