# witchy.lock — generated by `grimoire lock`. Pins every dependency by content
# hash. Regenerate with `grimoire lock`; verify with `grimoire verify`. Do not edit by hand.

[[rune]]
name = "stats"
version = "0.1.0"
source = "path:stats"
hash = "sha256:c5ff29967e6f679d39ef0ae2ce06c95406dfcba2db1aef4ad96fe41942f69e59"
runtime_footprint = []
