# witchy.lock — generated by `pm lock`. Pins every dependency by content
# hash. Regenerate with `pm lock`; verify with `pm verify`. Do not edit by hand.

[[rune]]
name = "stats"
version = "0.1.0"
source = "path:stats"
hash = "sha256:d187a4e59c3c905be22361fff0397ed0a2bd790c8d1b628801fd5abe33ab44ae"
runtime_footprint = []
