# witchy.lock — generated by `grimoire lock`. Pins every dependency by content
# hash. Regenerate with `grimoire lock`; verify with `grimoire verify`. Do not edit by hand.

[[rune]]
name = "stats"
version = "0.1.0"
source = "path:stats"
hash = "sha256:792dfd90c97d278045085ffc2b9e206d03b98bfc46a606cb756b2be1c6adbebf"
runtime_footprint = []
