# witchy.lock — generated by `grimoire lock`. Pins every dependency by content
# hash. Regenerate with `grimoire lock`; verify with `grimoire verify`. Do not edit by hand.

[[rune]]
name = "kv"
version = "0.1.0"
source = "path:kv"
hash = "sha256:f1803d772d3fdeff823026b20f7ab98cf0dedb0600329a2193bca862afa0fc82"
runtime_footprint = []
