# witchy.lock — generated by `pm lock`. Pins every dependency by content
# hash. Regenerate with `pm lock`; verify with `pm verify`. Do not edit by hand.

[[rune]]
name = "kv"
version = "0.1.0"
source = "path:kv"
hash = "sha256:1597ba8208449305f6dee40f123658cf13bdcd9e1ac5ccff977f275ab8e394eb"
runtime_footprint = []
