# witchy.lock — generated by `grimoire lock`. Pins every dependency by content
# hash. Regenerate with `grimoire lock`; verify with `grimoire verify`. Do not edit by hand.

[[rune]]
name = "kv"
version = "0.1.0"
source = "path:kv"
hash = "sha256:e8a449a9ac529633ac2d4a6192cdc5b27c8cacd08213b0f25be4d2e47d77ce8d"
runtime_footprint = []
