# witchy.lock — generated by coven. Do not edit by hand.
# Pins content hashes + capability footprints for reproducible,
# supply-chain-safe builds. Commit this file.
[[rune]]
name = "mathlib"
version = "0.1.0"
source = "path:./../mathlib"
hash = "sha256:9599704c8bcd5d39beff22be9794e68095dae35cc9c1c5636ff4523c6641b90d"
runtime_footprint = []
build_footprint = []
determinism = "guaranteed"
provenance = "path:./../mathlib"
