# witchy.lock — generated by `grimoire lock`. Pins every dependency by content
# hash. Regenerate with `grimoire lock`; verify with `grimoire verify`. Do not edit by hand.

[[rune]]
name = "money"
version = "0.1.0"
source = "path:money"
hash = "sha256:d7ca323632bc0fcdd15d4865ce8498b5a716af7d3b0a4dcba54be9363c4931f3"
runtime_footprint = []
