# witchy.lock — generated by `pm lock`. Pins every dependency by content
# hash. Regenerate with `pm lock`; verify with `pm verify`. Do not edit by hand.

[[rune]]
name = "money"
version = "0.1.0"
source = "path:money"
hash = "sha256:552fa6efddedc0a33fae3fead2ed7a29b9dd5925b20dd69b27e72598638d9421"
runtime_footprint = []
