# witchy.lock — generated by `grimoire lock`. Pins every dependency by content
# hash. Regenerate with `grimoire lock`; verify with `grimoire verify`. Do not edit by hand.

[[rune]]
name = "money"
version = "0.1.0"
source = "path:money"
hash = "sha256:2af4fabfafb72bd17e8c40f03320a84667a062c790003c90ab39ed0eef529284"
runtime_footprint = []
