# witchy.lock — generated by coven. Do not edit by hand.
# Pins content hashes + capability footprints for reproducible,
# supply-chain-safe builds. Commit this file.
[[rune]]
name = "bars"
version = "0.1.0"
source = "path:./../bars"
hash = "sha256:7a31ddfced7767bc0edf72ac37cafd80135afa740f9034c2f9da736a3ffe3a55"
runtime_footprint = []
build_footprint = []
determinism = "guaranteed"
provenance = "path:./../bars"
