# witchy.lock — generated by `grimoire lock`. Pins every dependency by content
# hash. Regenerate with `grimoire lock`; verify with `grimoire verify`. Do not edit by hand.

[[rune]]
name = "tasks"
version = "0.1.0"
source = "path:tasks"
hash = "sha256:107ab656831877821d176fa5ea87b89ca58c05ccb076d81b1dfcdf2f606f7d5a"
runtime_footprint = []

[[rune]]
name = "bars"
version = "0.1.0"
source = "path:bars"
hash = "sha256:1c9db20a12ca42794c6e86906ef6818254c52f2d442ab486f57bd6b55f980f7d"
runtime_footprint = []

[[rune]]
name = "coverage"
version = "0.1.0"
source = "path:coverage"
hash = "sha256:7c3078632ffa260f9eea1b21e51b504675e3dd721d4a1331848155b3a24a9bed"
runtime_footprint = []
