# witchy.lock — generated by coven. Do not edit by hand.
# Pins content hashes + capability footprints for reproducible,
# supply-chain-safe builds. Commit this file.
[[rune]]
name = "bars"
version = "0.1.0"
source = "path:./../coverage/../bars"
hash = "sha256:7a31ddfced7767bc0edf72ac37cafd80135afa740f9034c2f9da736a3ffe3a55"
runtime_footprint = []
build_footprint = []
determinism = "guaranteed"
provenance = "path:./../coverage/../bars"

[[rune]]
name = "coverage"
version = "0.1.0"
source = "path:./../coverage"
hash = "sha256:162fa2ba043fa4a2b3bc5560aca1fb6c9a4aa09c1440463800dcfd636a14130f"
runtime_footprint = []
build_footprint = []
determinism = "guaranteed"
provenance = "path:./../coverage"

[[rune]]
name = "tasks"
version = "0.1.0"
source = "path:./../tasks"
hash = "sha256:0e1447731b9d8d235699779221fb1acde26e79e50ec8166523ae7c03ee077640"
runtime_footprint = []
build_footprint = []
determinism = "guaranteed"
provenance = "path:./../tasks"
