# witchy.lock — generated by coven. Do not edit by hand.
# Pins content hashes + capability footprints for reproducible,
# supply-chain-safe builds. Commit this file.
[[rune]]
name = "mylib"
version = "0.1.0"
source = "path:./../mylib"
hash = "sha256:f3257fc8fba657213c8335721fc292005479c0c9dcfcef8d2056ce5c16935064"
runtime_footprint = []
build_footprint = []
determinism = "guaranteed"
provenance = "path:./../mylib"
