# witchy.lock — generated by coven. Do not edit by hand.
# Pins content hashes + capability footprints for reproducible,
# supply-chain-safe builds. Commit this file.
[[rune]]
name = "convertlib"
version = "0.1.0"
source = "path:./../convertlib"
hash = "sha256:b80c45a63f7478e1d8a9ba6e5c8805af89eaded04f8c4547caf35f773ead2a28"
runtime_footprint = []
build_footprint = []
determinism = "guaranteed"
provenance = "path:./../convertlib"
