# witchy.lock — generated by coven. Do not edit by hand.
# Pins content hashes + capability footprints for reproducible,
# supply-chain-safe builds. Commit this file.
[[rune]]
name = "convertlib"
version = "0.1.0"
source = "path:./../convertlib"
hash = "sha256:f91dfd77827b375730bc92d09a17f01475d9f15e2b0b6192a974cbc7bf41cd84"
runtime_footprint = []
build_footprint = []
determinism = "guaranteed"
provenance = "path:./../convertlib"
