# witchy.lock — generated by coven. Do not edit by hand.
# Pins content hashes + capability footprints for reproducible,
# supply-chain-safe builds. Commit this file.
[[rune]]
name = "genlib"
version = "0.1.0"
source = "path:./../genlib"
hash = "sha256:0c89e2717af6c4f620369153f0d71bc104b1bd9a2478436ebcf558e3f26c206c"
runtime_footprint = []
build_footprint = ["BuildOut"]
determinism = "guaranteed"
provenance = "path:./../genlib"
