# witchy.lock — generated by `pm lock`. Pins every dependency by content
# hash. Regenerate with `pm lock`; verify with `pm verify`. Do not edit by hand.

[[rune]]
name = "wordlib"
version = "0.1.0"
source = "path:wordlib"
hash = "sha256:c4d931dda9df71f2b4fc3862425ac8db04aecdbabef8c77acb0b5ff09ba8f76f"
runtime_footprint = []
