# witchy.lock — generated by `grimoire lock`. Pins every dependency by content
# hash. Regenerate with `grimoire lock`; verify with `grimoire verify`. Do not edit by hand.

[[rune]]
name = "wordlib"
version = "0.1.0"
source = "path:wordlib"
hash = "sha256:2e8f74761f5c345bbb62b37d7742665fb4b95ef43b1ac9bbbb503edcdd63c48c"
runtime_footprint = []
