# witchy.lock — generated by coven. Do not edit by hand.
# Pins content hashes + capability footprints for reproducible,
# supply-chain-safe builds. Commit this file.
[[rune]]
name = "wordlib"
version = "0.1.0"
source = "path:./../wordlib"
hash = "sha256:1f66d8364a3903119cc111f098fae663111086f82117ca1bd1a352f993878943"
runtime_footprint = []
build_footprint = []
determinism = "guaranteed"
provenance = "path:./../wordlib"
