# witchy.lock — generated by coven. Do not edit by hand.
# Pins content hashes + capability footprints for reproducible,
# supply-chain-safe builds. Commit this file.
[[rune]]
name = "wordlib"
version = "0.1.0"
source = "path:./../wordlib"
hash = "sha256:b6fda1aa0672254498139d284f6832df4b853e5bc1b336bd30eb42bfab1f6a8d"
runtime_footprint = []
build_footprint = []
determinism = "guaranteed"
provenance = "path:./../wordlib"
