# witchy.lock — generated by coven. Do not edit by hand.
# Pins content hashes + capability footprints for reproducible,
# supply-chain-safe builds. Commit this file.
[[rune]]
name = "analytics"
version = "0.1.0"
source = "path:./../analytics"
hash = "sha256:1ec30bdfb2ca856be96409e04859062fe45395c60e120d1bc1cf1577a57da906"
runtime_footprint = []
build_footprint = []
determinism = "guaranteed"
provenance = "path:./../analytics"

[[rune]]
name = "core"
version = "0.1.0"
source = "path:./../core"
hash = "sha256:509e9af1f9c8f8ae258fb4781d8d807ee6a0e97067e21cf72d7dcd61046e7a02"
runtime_footprint = []
build_footprint = []
determinism = "guaranteed"
provenance = "path:./../core"

[[rune]]
name = "formatting"
version = "0.1.0"
source = "path:./../formatting"
hash = "sha256:f71b94081c4ba889281a1c53dd4c707ca0073844c49d87ac6122997444c73752"
runtime_footprint = []
build_footprint = []
determinism = "guaranteed"
provenance = "path:./../formatting"

[[rune]]
name = "parsing"
version = "0.1.0"
source = "path:./../parsing"
hash = "sha256:77de64cc986bf5fbba95d7296e31e5190ec80404e97640d07e5d4a7e97da30d9"
runtime_footprint = []
build_footprint = []
determinism = "guaranteed"
provenance = "path:./../parsing"
