# witchy.lock — generated by coven. Do not edit by hand.
# Pins content hashes + capability footprints for reproducible,
# supply-chain-safe builds. Commit this file.
[[rune]]
name = "salelib"
version = "0.1.0"
source = "path:./../salelib"
hash = "sha256:2f159c42c010bffdc44ae312c24d4bcffea74ca9666a2c0551482db0b71dc998"
runtime_footprint = []
build_footprint = []
determinism = "guaranteed"
provenance = "path:./../salelib"
