# witchy.lock — generated by coven. Do not edit by hand.
# Pins content hashes + capability footprints for reproducible,
# supply-chain-safe builds. Commit this file.
[[rune]]
name = "salelib"
version = "0.1.0"
source = "path:./../salelib"
hash = "sha256:262c59c8701b8e8e4d1cbd35e7eea8698205d409b47446db86c56ca77907f0e0"
runtime_footprint = []
build_footprint = []
determinism = "guaranteed"
provenance = "path:./../salelib"
