# witchy.lock — generated by `grimoire lock`. Pins every dependency by content
# hash. Regenerate with `grimoire lock`; verify with `grimoire verify`. Do not edit by hand.

[[rune]]
name = "glamour"
version = "0.1.0"
source = "path:projects/glamour"
hash = "sha256:b4532ea6cab81b3a4cd8eab9051a1d53d875f30d8dc9d1c29088aabe6ec74e98"
runtime_footprint = []
