# witchy.lock — generated by coven. Do not edit by hand.
# Pins content hashes + capability footprints for reproducible,
# supply-chain-safe builds. Commit this file.
[[rune]]
name = "tasklib"
version = "0.1.0"
source = "path:./../tasklib"
hash = "sha256:176ecf19ae535de33e7bae31719b006fa4bcc24c9e90193b54990dfd67834c08"
runtime_footprint = []
build_footprint = []
determinism = "guaranteed"
provenance = "path:./../tasklib"
