# witchy.lock — generated by `pm lock`. Pins every dependency by content
# hash. Regenerate with `pm lock`; verify with `pm verify`. Do not edit by hand.

[[rune]]
name = "tasklib"
version = "0.1.0"
source = "path:tasklib"
hash = "sha256:6b38719cb14fdd0d3f39823fefa87243a620690b9151db9f04ec578e3cabd8c9"
runtime_footprint = []
