# witchy.lock — generated by coven. Do not edit by hand.
# Pins content hashes + capability footprints for reproducible,
# supply-chain-safe builds. Commit this file.
[[rune]]
name = "tasklib"
version = "0.1.0"
source = "path:./../tasklib"
hash = "sha256:d54b8954c2ad2a75d7dc57a386054e7ba33013c631a0a2e776989bf56b3a7a37"
runtime_footprint = []
build_footprint = []
determinism = "guaranteed"
provenance = "path:./../tasklib"
