# witchy.lock — generated by `grimoire lock`. Pins every dependency by content
# hash. Regenerate with `grimoire lock`; verify with `grimoire verify`. Do not edit by hand.

[[rune]]
name = "glamour_server"
version = "0.1.0"
source = "path:projects/glamour-server"
hash = "sha256:aaae45ac1cd7dfedad94fde074cf1dfd5e3ab226d58a5aa8b6bcc363deb88e94"
runtime_footprint = []

[[rune]]
name = "glamour"
version = "0.1.0"
source = "path:projects/glamour"
hash = "sha256:b4532ea6cab81b3a4cd8eab9051a1d53d875f30d8dc9d1c29088aabe6ec74e98"
runtime_footprint = []
