# witchy.lock — generated by `pm lock`. Pins every dependency by content
# hash. Regenerate with `pm lock`; verify with `pm verify`. Do not edit by hand.

[[rune]]
name = "glamour_server"
version = "0.1.0"
source = "path:projects/glamour-server"
hash = "sha256:aaae45ac1cd7dfedad94fde074cf1dfd5e3ab226d58a5aa8b6bcc363deb88e94"
runtime_footprint = []

[[rune]]
name = "glamour"
version = "0.1.0"
source = "path:projects/glamour"
hash = "sha256:e2fd94a1d489164601e1390d60eaac0f8c3710bb29c6510b66a098668dd7f528"
runtime_footprint = []
